
Microsoft Visual Studio Solution File, Format Version 12.00
# Visual Studio 15
VisualStudioVersion = 15.0.27004.2009
MinimumVisualStudioVersion = 10.0.40219.1
Project("{FAE04EC0-301F-11D3-BF4B-00C04F79EFBC}") = "CommonADO.net", "CommonADO.net\CommonADO.net.csproj", "{BCEBCEC0-CE1A-47BE-A816-813DE0CC37FA}"
EndProject
Global
	GlobalSection(SolutionConfigurationPlatforms) = preSolution
		Debug|Any CPU = Debug|Any CPU
		Release|Any CPU = Release|Any CPU
	EndGlobalSection
	GlobalSection(ProjectConfigurationPlatforms) = postSolution
		{BCEBCEC0-CE1A-47BE-A816-813DE0CC37FA}.Debug|Any CPU.ActiveCfg = Debug|Any CPU
		{BCEBCEC0-CE1A-47BE-A816-813DE0CC37FA}.Debug|Any CPU.Build.0 = Debug|Any CPU
		{BCEBCEC0-CE1A-47BE-A816-813DE0CC37FA}.Release|Any CPU.ActiveCfg = Release|Any CPU
		{BCEBCEC0-CE1A-47BE-A816-813DE0CC37FA}.Release|Any CPU.Build.0 = Release|Any CPU
	EndGlobalSection
	GlobalSection(SolutionProperties) = preSolution
		HideSolutionNode = FALSE
	EndGlobalSection
	GlobalSection(ExtensibilityGlobals) = postSolution
		SolutionGuid = {72A21D82-2834-4FE6-970C-6BB04A6AF01F}
	EndGlobalSection
	GlobalSection(TeamFoundationVersionControl) = preSolution
		SccNumberOfProjects = 2
		SccEnterpriseProvider = {4CA58AB2-18FA-4F8D-95D4-32DDF27D184C}
		SccTeamFoundationServer = https://ngotrung.visualstudio.com/
		SccLocalPath0 = .
		SccProjectUniqueName1 = CommonADO.net\\CommonADO.net.csproj
		SccProjectName1 = CommonADO.net
		SccLocalPath1 = CommonADO.net
	EndGlobalSection
EndGlobal
